
Microsoft Visual Studio Solution File, Format Version 12.00
Project("{2150E333-8FDC-42A3-9474-1A3956D46DE8}") = "Core", "Core", "{6A7B1BA9-E8B6-4352-84B7-6331535A5B3A}"
EndProject
Project("{2150E333-8FDC-42A3-9474-1A3956D46DE8}") = "Infrastructure", "Infrastructure", "{722D05AE-1178-406D-A2E9-B9C67DFED561}"
EndProject
Project("{2150E333-8FDC-42A3-9474-1A3956D46DE8}") = "Presentation", "Presentation", "{FEAA41B5-7270-4D35-9C9B-FD0017073C90}"
EndProject
Project("{FAE04EC0-301F-11D3-BF4B-00C04F79EFBC}") = "MPolls.Domain", "MPolls.Domain\MPolls.Domain.csproj", "{3FA63DEB-25E0-4237-B409-6BF08730C011}"
EndProject
Project("{FAE04EC0-301F-11D3-BF4B-00C04F79EFBC}") = "MPolls.Application", "MPolls.Application\MPolls.Application.csproj", "{7D07E1D1-0518-423C-93DE-209E844CF82D}"
EndProject
Project("{FAE04EC0-301F-11D3-BF4B-00C04F79EFBC}") = "MPolls.Persistence", "MPolls.Persistence\MPolls.Persistence.csproj", "{AD49530B-9F0B-45D2-A901-82B04B38E7FF}"
EndProject
Project("{FAE04EC0-301F-11D3-BF4B-00C04F79EFBC}") = "MPolls.API", "MPolls.API\MPolls.API.csproj", "{D84E14B5-11AD-454B-8775-6CF2B54112D7}"
EndProject
Project("{FAE04EC0-301F-11D3-BF4B-00C04F79EFBC}") = "MPolls.WebUI", "MPolls.WebUI\MPolls.WebUI.csproj", "{2E585D1A-2283-4067-BBCD-6F943C4B9597}"
EndProject
Global
	GlobalSection(SolutionConfigurationPlatforms) = preSolution
		Debug|Any CPU = Debug|Any CPU
		Release|Any CPU = Release|Any CPU
	EndGlobalSection
	GlobalSection(ProjectConfigurationPlatforms) = postSolution
		{3FA63DEB-25E0-4237-B409-6BF08730C011}.Debug|Any CPU.ActiveCfg = Debug|Any CPU
		{3FA63DEB-25E0-4237-B409-6BF08730C011}.Debug|Any CPU.Build.0 = Debug|Any CPU
		{3FA63DEB-25E0-4237-B409-6BF08730C011}.Release|Any CPU.ActiveCfg = Release|Any CPU
		{3FA63DEB-25E0-4237-B409-6BF08730C011}.Release|Any CPU.Build.0 = Release|Any CPU
		{7D07E1D1-0518-423C-93DE-209E844CF82D}.Debug|Any CPU.ActiveCfg = Debug|Any CPU
		{7D07E1D1-0518-423C-93DE-209E844CF82D}.Debug|Any CPU.Build.0 = Debug|Any CPU
		{7D07E1D1-0518-423C-93DE-209E844CF82D}.Release|Any CPU.ActiveCfg = Release|Any CPU
		{7D07E1D1-0518-423C-93DE-209E844CF82D}.Release|Any CPU.Build.0 = Release|Any CPU
		{AD49530B-9F0B-45D2-A901-82B04B38E7FF}.Debug|Any CPU.ActiveCfg = Debug|Any CPU
		{AD49530B-9F0B-45D2-A901-82B04B38E7FF}.Debug|Any CPU.Build.0 = Debug|Any CPU
		{AD49530B-9F0B-45D2-A901-82B04B38E7FF}.Release|Any CPU.ActiveCfg = Release|Any CPU
		{AD49530B-9F0B-45D2-A901-82B04B38E7FF}.Release|Any CPU.Build.0 = Release|Any CPU
		{D84E14B5-11AD-454B-8775-6CF2B54112D7}.Debug|Any CPU.ActiveCfg = Debug|Any CPU
		{D84E14B5-11AD-454B-8775-6CF2B54112D7}.Debug|Any CPU.Build.0 = Debug|Any CPU
		{D84E14B5-11AD-454B-8775-6CF2B54112D7}.Release|Any CPU.ActiveCfg = Release|Any CPU
		{D84E14B5-11AD-454B-8775-6CF2B54112D7}.Release|Any CPU.Build.0 = Release|Any CPU
		{2E585D1A-2283-4067-BBCD-6F943C4B9597}.Debug|Any CPU.ActiveCfg = Debug|Any CPU
		{2E585D1A-2283-4067-BBCD-6F943C4B9597}.Debug|Any CPU.Build.0 = Debug|Any CPU
		{2E585D1A-2283-4067-BBCD-6F943C4B9597}.Release|Any CPU.ActiveCfg = Release|Any CPU
		{2E585D1A-2283-4067-BBCD-6F943C4B9597}.Release|Any CPU.Build.0 = Release|Any CPU
	EndGlobalSection
	GlobalSection(NestedProjects) = preSolution
		{3FA63DEB-25E0-4237-B409-6BF08730C011} = {6A7B1BA9-E8B6-4352-84B7-6331535A5B3A}
		{7D07E1D1-0518-423C-93DE-209E844CF82D} = {6A7B1BA9-E8B6-4352-84B7-6331535A5B3A}
		{AD49530B-9F0B-45D2-A901-82B04B38E7FF} = {722D05AE-1178-406D-A2E9-B9C67DFED561}
		{D84E14B5-11AD-454B-8775-6CF2B54112D7} = {FEAA41B5-7270-4D35-9C9B-FD0017073C90}
		{2E585D1A-2283-4067-BBCD-6F943C4B9597} = {FEAA41B5-7270-4D35-9C9B-FD0017073C90}
	EndGlobalSection
EndGlobal
